
Microsoft Visual Studio Solution File, Format Version 12.00
# Visual Studio Version 17
VisualStudioVersion = 17.0.31919.166
MinimumVisualStudioVersion = 10.0.40219.1
Project("{FAE04EC0-301F-11D3-BF4B-00C04F79EFBC}") = "RDLCDemo", "RDLCDemo\RDLCDemo.csproj", "{D81CA664-CBF9-4EB7-9E63-203A8B47850B}"
EndProject
Project("{9A19103F-16F7-4668-BE54-9A1E7A4F7556}") = "TimePunch.Rdlc", "TimePunch.Rdlc\TimePunch.Rdlc.csproj", "{5A659487-24D3-4C59-9122-00211F8B436D}"
EndProject
Global
	GlobalSection(SolutionConfigurationPlatforms) = preSolution
		Debug|Any CPU = Debug|Any CPU
		Release|Any CPU = Release|Any CPU
	EndGlobalSection
	GlobalSection(ProjectConfigurationPlatforms) = postSolution
		{D81CA664-CBF9-4EB7-9E63-203A8B47850B}.Debug|Any CPU.ActiveCfg = Debug|Any CPU
		{D81CA664-CBF9-4EB7-9E63-203A8B47850B}.Debug|Any CPU.Build.0 = Debug|Any CPU
		{D81CA664-CBF9-4EB7-9E63-203A8B47850B}.Release|Any CPU.ActiveCfg = Release|Any CPU
		{D81CA664-CBF9-4EB7-9E63-203A8B47850B}.Release|Any CPU.Build.0 = Release|Any CPU
		{5A659487-24D3-4C59-9122-00211F8B436D}.Debug|Any CPU.ActiveCfg = Debug|Any CPU
		{5A659487-24D3-4C59-9122-00211F8B436D}.Debug|Any CPU.Build.0 = Debug|Any CPU
		{5A659487-24D3-4C59-9122-00211F8B436D}.Release|Any CPU.ActiveCfg = Release|Any CPU
		{5A659487-24D3-4C59-9122-00211F8B436D}.Release|Any CPU.Build.0 = Release|Any CPU
	EndGlobalSection
	GlobalSection(SolutionProperties) = preSolution
		HideSolutionNode = FALSE
	EndGlobalSection
	GlobalSection(ExtensibilityGlobals) = postSolution
		SolutionGuid = {7F232A75-2FF6-4A39-B99B-992A6D10B66A}
	EndGlobalSection
EndGlobal
